// !$*UTF8*$!
{
	archiveVersion = 1;
	classes = {
	};
	objectVersion = 50;
	objects = {

/* Begin PBXBuildFile section */
		0537C5302306568000454618 /* RemindModel.swift in Sources */ = {isa = PBXBuildFile; fileRef = 0537C52F2306568000454618 /* RemindModel.swift */; };
		0537C5322306568600454618 /* RepeatModel.swift in Sources */ = {isa = PBXBuildFile; fileRef = 0537C5312306568600454618 /* RepeatModel.swift */; };
		0537C5342306568E00454618 /* TargetModel.swift in Sources */ = {isa = PBXBuildFile; fileRef = 0537C5332306568E00454618 /* TargetModel.swift */; };
		0537C536230657BB00454618 /* List+.swift in Sources */ = {isa = PBXBuildFile; fileRef = 0537C535230657BB00454618 /* List+.swift */; };
		0537C53C23066A6600454618 /* CreateRoutineController.swift in Sources */ = {isa = PBXBuildFile; fileRef = 0537C53B23066A6600454618 /* CreateRoutineController.swift */; };
		0537C53E2306811F00454618 /* UIView+.swift in Sources */ = {isa = PBXBuildFile; fileRef = 0537C53D2306811F00454618 /* UIView+.swift */; };
		0537C5432306815600454618 /* CellSuggest.xib in Resources */ = {isa = PBXBuildFile; fileRef = 0537C53F2306815500454618 /* CellSuggest.xib */; };
		0537C5442306815600454618 /* CellSetUp.swift in Sources */ = {isa = PBXBuildFile; fileRef = 0537C5402306815500454618 /* CellSetUp.swift */; };
		0537C5452306815600454618 /* CellSetUp.xib in Resources */ = {isa = PBXBuildFile; fileRef = 0537C5412306815500454618 /* CellSetUp.xib */; };
		0537C5462306815600454618 /* CellSuggest.swift in Sources */ = {isa = PBXBuildFile; fileRef = 0537C5422306815500454618 /* CellSuggest.swift */; };
		0537C54A230799DB00454618 /* ShadowButton.swift in Sources */ = {isa = PBXBuildFile; fileRef = 0537C548230799DB00454618 /* ShadowButton.swift */; };
		0537C54B230799DB00454618 /* RoundedView.swift in Sources */ = {isa = PBXBuildFile; fileRef = 0537C549230799DB00454618 /* RoundedView.swift */; };
		0537C5592307B88A00454618 /* RepeatController.swift in Sources */ = {isa = PBXBuildFile; fileRef = 0537C5582307B88A00454618 /* RepeatController.swift */; };
		0537C55C2307B96B00454618 /* CellOption.xib in Resources */ = {isa = PBXBuildFile; fileRef = 0537C55A2307B96B00454618 /* CellOption.xib */; };
		0537C55D2307B96B00454618 /* CellOption.swift in Sources */ = {isa = PBXBuildFile; fileRef = 0537C55B2307B96B00454618 /* CellOption.swift */; };
		0537C55F2307B9F100454618 /* Integer+.swift in Sources */ = {isa = PBXBuildFile; fileRef = 0537C55E2307B9F100454618 /* Integer+.swift */; };
		0537C5622307F19600454618 /* DayPeriodController.swift in Sources */ = {isa = PBXBuildFile; fileRef = 0537C5612307F19600454618 /* DayPeriodController.swift */; };
		0537C5692307F65B00454618 /* DatePicker.swift in Sources */ = {isa = PBXBuildFile; fileRef = 0537C5642307F65A00454618 /* DatePicker.swift */; };
		0537C56A2307F65B00454618 /* TextPicker.swift in Sources */ = {isa = PBXBuildFile; fileRef = 0537C5652307F65A00454618 /* TextPicker.swift */; };
		0537C56B2307F65B00454618 /* PickerViewControl.swift in Sources */ = {isa = PBXBuildFile; fileRef = 0537C5662307F65A00454618 /* PickerViewControl.swift */; };
		0537C56C2307F65B00454618 /* TextPicker.xib in Resources */ = {isa = PBXBuildFile; fileRef = 0537C5672307F65A00454618 /* TextPicker.xib */; };
		0537C56D2307F65B00454618 /* DatePicker.xib in Resources */ = {isa = PBXBuildFile; fileRef = 0537C5682307F65A00454618 /* DatePicker.xib */; };
		0537C5712307F6CB00454618 /* SystemInfo.swift in Sources */ = {isa = PBXBuildFile; fileRef = 0537C5702307F6CB00454618 /* SystemInfo.swift */; };
		0537C5732307F7D300454618 /* Date+.swift in Sources */ = {isa = PBXBuildFile; fileRef = 0537C5722307F7D300454618 /* Date+.swift */; };
		058A3D9A22F276DA00AB00F2 /* TabBar.storyboard in Resources */ = {isa = PBXBuildFile; fileRef = 058A3D9922F276DA00AB00F2 /* TabBar.storyboard */; };
		058A3D9E22F2773B00AB00F2 /* TabBarController.swift in Sources */ = {isa = PBXBuildFile; fileRef = 058A3D9D22F2773B00AB00F2 /* TabBarController.swift */; };
		058A3DA022F2787E00AB00F2 /* Diary.storyboard in Resources */ = {isa = PBXBuildFile; fileRef = 058A3D9F22F2787E00AB00F2 /* Diary.storyboard */; };
		058A3DA222F278C500AB00F2 /* StatisticAll.storyboard in Resources */ = {isa = PBXBuildFile; fileRef = 058A3DA122F278C500AB00F2 /* StatisticAll.storyboard */; };
		058A3DA622F2796200AB00F2 /* DiaryController.swift in Sources */ = {isa = PBXBuildFile; fileRef = 058A3DA522F2796200AB00F2 /* DiaryController.swift */; };
		058A3DA822F2797C00AB00F2 /* StatisticAllController.swift in Sources */ = {isa = PBXBuildFile; fileRef = 058A3DA722F2797C00AB00F2 /* StatisticAllController.swift */; };
		058A3DAA22F2798C00AB00F2 /* SettingController.swift in Sources */ = {isa = PBXBuildFile; fileRef = 058A3DA922F2798C00AB00F2 /* SettingController.swift */; };
		058A3DAC22F27EF200AB00F2 /* Setting.storyboard in Resources */ = {isa = PBXBuildFile; fileRef = 058A3DAB22F27EF200AB00F2 /* Setting.storyboard */; };
		058A3DC422F48AE000AB00F2 /* RealmService.swift in Sources */ = {isa = PBXBuildFile; fileRef = 058A3DC322F48AE000AB00F2 /* RealmService.swift */; };
		058A3DC622F48B2A00AB00F2 /* RoutineModel.swift in Sources */ = {isa = PBXBuildFile; fileRef = 058A3DC522F48B2A00AB00F2 /* RoutineModel.swift */; };
		058A3DC822F48E3100AB00F2 /* String+.swift in Sources */ = {isa = PBXBuildFile; fileRef = 058A3DC722F48E3100AB00F2 /* String+.swift */; };
		058A3DCA22F4942100AB00F2 /* RoutineModelRealm.swift in Sources */ = {isa = PBXBuildFile; fileRef = 058A3DC922F4942100AB00F2 /* RoutineModelRealm.swift */; };
		058A3DCC22F496D400AB00F2 /* RoutineService.swift in Sources */ = {isa = PBXBuildFile; fileRef = 058A3DCB22F496D400AB00F2 /* RoutineService.swift */; };
		05B23D3322F1678000E8140F /* AppDelegate.swift in Sources */ = {isa = PBXBuildFile; fileRef = 05B23D3222F1678000E8140F /* AppDelegate.swift */; };
		05B23D3A22F1678100E8140F /* Assets.xcassets in Resources */ = {isa = PBXBuildFile; fileRef = 05B23D3922F1678100E8140F /* Assets.xcassets */; };
		05B23D3D22F1678100E8140F /* LaunchScreen.storyboard in Resources */ = {isa = PBXBuildFile; fileRef = 05B23D3B22F1678100E8140F /* LaunchScreen.storyboard */; };
		05B23D4B22F16B9A00E8140F /* Storyboards.swift in Sources */ = {isa = PBXBuildFile; fileRef = 05B23D4A22F16B9A00E8140F /* Storyboards.swift */; };
		6FFBB7FB7B5E42CB9207EE70 /* Pods_MyRoutine.framework in Frameworks */ = {isa = PBXBuildFile; fileRef = 358C4E0060BD992129D1A5B5 /* Pods_MyRoutine.framework */; };
/* End PBXBuildFile section */

/* Begin PBXFileReference section */
		0537C52F2306568000454618 /* RemindModel.swift */ = {isa = PBXFileReference; fileEncoding = 4; lastKnownFileType = sourcecode.swift; path = RemindModel.swift; sourceTree = "<group>"; };
		0537C5312306568600454618 /* RepeatModel.swift */ = {isa = PBXFileReference; fileEncoding = 4; lastKnownFileType = sourcecode.swift; path = RepeatModel.swift; sourceTree = "<group>"; };
		0537C5332306568E00454618 /* TargetModel.swift */ = {isa = PBXFileReference; fileEncoding = 4; lastKnownFileType = sourcecode.swift; path = TargetModel.swift; sourceTree = "<group>"; };
		0537C535230657BB00454618 /* List+.swift */ = {isa = PBXFileReference; fileEncoding = 4; lastKnownFileType = sourcecode.swift; path = "List+.swift"; sourceTree = "<group>"; };
		0537C53B23066A6600454618 /* CreateRoutineController.swift */ = {isa = PBXFileReference; lastKnownFileType = sourcecode.swift; path = CreateRoutineController.swift; sourceTree = "<group>"; };
		0537C53D2306811F00454618 /* UIView+.swift */ = {isa = PBXFileReference; lastKnownFileType = sourcecode.swift; path = "UIView+.swift"; sourceTree = "<group>"; };
		0537C53F2306815500454618 /* CellSuggest.xib */ = {isa = PBXFileReference; fileEncoding = 4; lastKnownFileType = file.xib; path = CellSuggest.xib; sourceTree = "<group>"; };
		0537C5402306815500454618 /* CellSetUp.swift */ = {isa = PBXFileReference; fileEncoding = 4; lastKnownFileType = sourcecode.swift; path = CellSetUp.swift; sourceTree = "<group>"; };
		0537C5412306815500454618 /* CellSetUp.xib */ = {isa = PBXFileReference; fileEncoding = 4; lastKnownFileType = file.xib; path = CellSetUp.xib; sourceTree = "<group>"; };
		0537C5422306815500454618 /* CellSuggest.swift */ = {isa = PBXFileReference; fileEncoding = 4; lastKnownFileType = sourcecode.swift; path = CellSuggest.swift; sourceTree = "<group>"; };
		0537C548230799DB00454618 /* ShadowButton.swift */ = {isa = PBXFileReference; fileEncoding = 4; lastKnownFileType = sourcecode.swift; path = ShadowButton.swift; sourceTree = "<group>"; };
		0537C549230799DB00454618 /* RoundedView.swift */ = {isa = PBXFileReference; fileEncoding = 4; lastKnownFileType = sourcecode.swift; path = RoundedView.swift; sourceTree = "<group>"; };
		0537C5582307B88A00454618 /* RepeatController.swift */ = {isa = PBXFileReference; lastKnownFileType = sourcecode.swift; path = RepeatController.swift; sourceTree = "<group>"; };
		0537C55A2307B96B00454618 /* CellOption.xib */ = {isa = PBXFileReference; fileEncoding = 4; lastKnownFileType = file.xib; path = CellOption.xib; sourceTree = "<group>"; };
		0537C55B2307B96B00454618 /* CellOption.swift */ = {isa = PBXFileReference; fileEncoding = 4; lastKnownFileType = sourcecode.swift; path = CellOption.swift; sourceTree = "<group>"; };
		0537C55E2307B9F100454618 /* Integer+.swift */ = {isa = PBXFileReference; fileEncoding = 4; lastKnownFileType = sourcecode.swift; path = "Integer+.swift"; sourceTree = "<group>"; };
		0537C5612307F19600454618 /* DayPeriodController.swift */ = {isa = PBXFileReference; lastKnownFileType = sourcecode.swift; path = DayPeriodController.swift; sourceTree = "<group>"; };
		0537C5642307F65A00454618 /* DatePicker.swift */ = {isa = PBXFileReference; fileEncoding = 4; lastKnownFileType = sourcecode.swift; path = DatePicker.swift; sourceTree = "<group>"; };
		0537C5652307F65A00454618 /* TextPicker.swift */ = {isa = PBXFileReference; fileEncoding = 4; lastKnownFileType = sourcecode.swift; path = TextPicker.swift; sourceTree = "<group>"; };
		0537C5662307F65A00454618 /* PickerViewControl.swift */ = {isa = PBXFileReference; fileEncoding = 4; lastKnownFileType = sourcecode.swift; path = PickerViewControl.swift; sourceTree = "<group>"; };
		0537C5672307F65A00454618 /* TextPicker.xib */ = {isa = PBXFileReference; fileEncoding = 4; lastKnownFileType = file.xib; path = TextPicker.xib; sourceTree = "<group>"; };
		0537C5682307F65A00454618 /* DatePicker.xib */ = {isa = PBXFileReference; fileEncoding = 4; lastKnownFileType = file.xib; path = DatePicker.xib; sourceTree = "<group>"; };
		0537C5702307F6CB00454618 /* SystemInfo.swift */ = {isa = PBXFileReference; fileEncoding = 4; lastKnownFileType = sourcecode.swift; path = SystemInfo.swift; sourceTree = "<group>"; };
		0537C5722307F7D300454618 /* Date+.swift */ = {isa = PBXFileReference; fileEncoding = 4; lastKnownFileType = sourcecode.swift; path = "Date+.swift"; sourceTree = "<group>"; };
		058A3D9922F276DA00AB00F2 /* TabBar.storyboard */ = {isa = PBXFileReference; lastKnownFileType = file.storyboard; path = TabBar.storyboard; sourceTree = "<group>"; };
		058A3D9D22F2773B00AB00F2 /* TabBarController.swift */ = {isa = PBXFileReference; lastKnownFileType = sourcecode.swift; path = TabBarController.swift; sourceTree = "<group>"; };
		058A3D9F22F2787E00AB00F2 /* Diary.storyboard */ = {isa = PBXFileReference; lastKnownFileType = file.storyboard; path = Diary.storyboard; sourceTree = "<group>"; };
		058A3DA122F278C500AB00F2 /* StatisticAll.storyboard */ = {isa = PBXFileReference; lastKnownFileType = file.storyboard; path = StatisticAll.storyboard; sourceTree = "<group>"; };
		058A3DA522F2796200AB00F2 /* DiaryController.swift */ = {isa = PBXFileReference; lastKnownFileType = sourcecode.swift; path = DiaryController.swift; sourceTree = "<group>"; };
		058A3DA722F2797C00AB00F2 /* StatisticAllController.swift */ = {isa = PBXFileReference; lastKnownFileType = sourcecode.swift; path = StatisticAllController.swift; sourceTree = "<group>"; };
		058A3DA922F2798C00AB00F2 /* SettingController.swift */ = {isa = PBXFileReference; lastKnownFileType = sourcecode.swift; path = SettingController.swift; sourceTree = "<group>"; };
		058A3DAB22F27EF200AB00F2 /* Setting.storyboard */ = {isa = PBXFileReference; lastKnownFileType = file.storyboard; path = Setting.storyboard; sourceTree = "<group>"; };
		058A3DC322F48AE000AB00F2 /* RealmService.swift */ = {isa = PBXFileReference; lastKnownFileType = sourcecode.swift; path = RealmService.swift; sourceTree = "<group>"; };
		058A3DC522F48B2A00AB00F2 /* RoutineModel.swift */ = {isa = PBXFileReference; lastKnownFileType = sourcecode.swift; name = RoutineModel.swift; path = MyRoutine/Data/Source/RoutineModel.swift; sourceTree = SOURCE_ROOT; };
		058A3DC722F48E3100AB00F2 /* String+.swift */ = {isa = PBXFileReference; lastKnownFileType = sourcecode.swift; name = "String+.swift"; path = "MyRoutine/Data/Source/String+.swift"; sourceTree = SOURCE_ROOT; };
		058A3DC922F4942100AB00F2 /* RoutineModelRealm.swift */ = {isa = PBXFileReference; lastKnownFileType = sourcecode.swift; path = RoutineModelRealm.swift; sourceTree = "<group>"; };
		058A3DCB22F496D400AB00F2 /* RoutineService.swift */ = {isa = PBXFileReference; lastKnownFileType = sourcecode.swift; path = RoutineService.swift; sourceTree = "<group>"; };
		05B23D2F22F1678000E8140F /* MyRoutine.app */ = {isa = PBXFileReference; explicitFileType = wrapper.application; includeInIndex = 0; path = MyRoutine.app; sourceTree = BUILT_PRODUCTS_DIR; };
		05B23D3222F1678000E8140F /* AppDelegate.swift */ = {isa = PBXFileReference; lastKnownFileType = sourcecode.swift; path = AppDelegate.swift; sourceTree = "<group>"; };
		05B23D3922F1678100E8140F /* Assets.xcassets */ = {isa = PBXFileReference; lastKnownFileType = folder.assetcatalog; path = Assets.xcassets; sourceTree = "<group>"; };
		05B23D3C22F1678100E8140F /* Base */ = {isa = PBXFileReference; lastKnownFileType = file.storyboard; name = Base; path = Base.lproj/LaunchScreen.storyboard; sourceTree = "<group>"; };
		05B23D3E22F1678100E8140F /* Info.plist */ = {isa = PBXFileReference; lastKnownFileType = text.plist.xml; path = Info.plist; sourceTree = "<group>"; };
		05B23D4A22F16B9A00E8140F /* Storyboards.swift */ = {isa = PBXFileReference; lastKnownFileType = sourcecode.swift; path = Storyboards.swift; sourceTree = "<group>"; };
		05B23D4C22F16BC600E8140F /* Bridging-Header.h */ = {isa = PBXFileReference; lastKnownFileType = sourcecode.c.h; path = "Bridging-Header.h"; sourceTree = "<group>"; };
		358C4E0060BD992129D1A5B5 /* Pods_MyRoutine.framework */ = {isa = PBXFileReference; explicitFileType = wrapper.framework; includeInIndex = 0; path = Pods_MyRoutine.framework; sourceTree = BUILT_PRODUCTS_DIR; };
		7D8B598E586CF566BAA5F1E3 /* Pods-MyRoutine.debug.xcconfig */ = {isa = PBXFileReference; includeInIndex = 1; lastKnownFileType = text.xcconfig; name = "Pods-MyRoutine.debug.xcconfig"; path = "Pods/Target Support Files/Pods-MyRoutine/Pods-MyRoutine.debug.xcconfig"; sourceTree = "<group>"; };
		BA59DF1CAEF1699CF2953C6A /* Pods-MyRoutine.release.xcconfig */ = {isa = PBXFileReference; includeInIndex = 1; lastKnownFileType = text.xcconfig; name = "Pods-MyRoutine.release.xcconfig"; path = "Pods/Target Support Files/Pods-MyRoutine/Pods-MyRoutine.release.xcconfig"; sourceTree = "<group>"; };
/* End PBXFileReference section */

/* Begin PBXFrameworksBuildPhase section */
		05B23D2C22F1678000E8140F /* Frameworks */ = {
			isa = PBXFrameworksBuildPhase;
			buildActionMask = 2147483647;
			files = (
				6FFBB7FB7B5E42CB9207EE70 /* Pods_MyRoutine.framework in Frameworks */,
			);
			runOnlyForDeploymentPostprocessing = 0;
		};
/* End PBXFrameworksBuildPhase section */

/* Begin PBXGroup section */
		0537C547230799DB00454618 /* View */ = {
			isa = PBXGroup;
			children = (
				0537C548230799DB00454618 /* ShadowButton.swift */,
				0537C549230799DB00454618 /* RoundedView.swift */,
			);
			path = View;
			sourceTree = "<group>";
		};
		0537C5602307F17200454618 /* Cell */ = {
			isa = PBXGroup;
			children = (
				0537C55B2307B96B00454618 /* CellOption.swift */,
				0537C55A2307B96B00454618 /* CellOption.xib */,
				0537C5402306815500454618 /* CellSetUp.swift */,
				0537C5412306815500454618 /* CellSetUp.xib */,
				0537C5422306815500454618 /* CellSuggest.swift */,
				0537C53F2306815500454618 /* CellSuggest.xib */,
			);
			path = Cell;
			sourceTree = "<group>";
		};
		0537C5632307F65A00454618 /* Picker */ = {
			isa = PBXGroup;
			children = (
				0537C5642307F65A00454618 /* DatePicker.swift */,
				0537C5652307F65A00454618 /* TextPicker.swift */,
				0537C5662307F65A00454618 /* PickerViewControl.swift */,
				0537C5672307F65A00454618 /* TextPicker.xib */,
				0537C5682307F65A00454618 /* DatePicker.xib */,
			);
			path = Picker;
			sourceTree = "<group>";
		};
		0537C56E2307F65F00454618 /* Custom */ = {
			isa = PBXGroup;
			children = (
				0537C5632307F65A00454618 /* Picker */,
				0537C547230799DB00454618 /* View */,
			);
			path = Custom;
			sourceTree = "<group>";
		};
		0537C56F2307F6CB00454618 /* Utilities */ = {
			isa = PBXGroup;
			children = (
				0537C5702307F6CB00454618 /* SystemInfo.swift */,
			);
			path = Utilities;
			sourceTree = "<group>";
		};
		058A3DBE22F48A1200AB00F2 /* Diary */ = {
			isa = PBXGroup;
			children = (
				0537C5602307F17200454618 /* Cell */,
				058A3DA522F2796200AB00F2 /* DiaryController.swift */,
				0537C53B23066A6600454618 /* CreateRoutineController.swift */,
				0537C5582307B88A00454618 /* RepeatController.swift */,
				0537C5612307F19600454618 /* DayPeriodController.swift */,
			);
			path = Diary;
			sourceTree = "<group>";
		};
		058A3DBF22F48A4400AB00F2 /* StatisticAll */ = {
			isa = PBXGroup;
			children = (
				058A3DA722F2797C00AB00F2 /* StatisticAllController.swift */,
			);
			path = StatisticAll;
			sourceTree = "<group>";
		};
		058A3DC022F48A5500AB00F2 /* Setting */ = {
			isa = PBXGroup;
			children = (
				058A3DA922F2798C00AB00F2 /* SettingController.swift */,
			);
			path = Setting;
			sourceTree = "<group>";
		};
		05B23D2622F1678000E8140F = {
			isa = PBXGroup;
			children = (
				05B23D3122F1678000E8140F /* MyRoutine */,
				05B23D3022F1678000E8140F /* Products */,
				46F722ABA6C7CCDA2E8F7DA0 /* Pods */,
				F3216918D3655C3931286EFC /* Frameworks */,
			);
			sourceTree = "<group>";
		};
		05B23D3022F1678000E8140F /* Products */ = {
			isa = PBXGroup;
			children = (
				05B23D2F22F1678000E8140F /* MyRoutine.app */,
			);
			name = Products;
			sourceTree = "<group>";
		};
		05B23D3122F1678000E8140F /* MyRoutine */ = {
			isa = PBXGroup;
			children = (
				0537C56F2307F6CB00454618 /* Utilities */,
				0537C56E2307F65F00454618 /* Custom */,
				05B23D5222F16F7C00E8140F /* Resource */,
				05B23D4522F16A9400E8140F /* App */,
				05B23D4722F16B0D00E8140F /* Data */,
				05B23D4822F16B1F00E8140F /* Scenes */,
				05B23D4622F16AF700E8140F /* Extension */,
				05B23D3E22F1678100E8140F /* Info.plist */,
				05B23D4C22F16BC600E8140F /* Bridging-Header.h */,
			);
			path = MyRoutine;
			sourceTree = "<group>";
		};
		05B23D4522F16A9400E8140F /* App */ = {
			isa = PBXGroup;
			children = (
				05B23D3222F1678000E8140F /* AppDelegate.swift */,
			);
			path = App;
			sourceTree = "<group>";
		};
		05B23D4622F16AF700E8140F /* Extension */ = {
			isa = PBXGroup;
			children = (
				0537C55E2307B9F100454618 /* Integer+.swift */,
				0537C535230657BB00454618 /* List+.swift */,
				058A3DC722F48E3100AB00F2 /* String+.swift */,
				0537C53D2306811F00454618 /* UIView+.swift */,
				0537C5722307F7D300454618 /* Date+.swift */,
			);
			path = Extension;
			sourceTree = "<group>";
		};
		05B23D4722F16B0D00E8140F /* Data */ = {
			isa = PBXGroup;
			children = (
				05B23D4F22F16ED600E8140F /* Source */,
				05B23D4E22F16EBD00E8140F /* Model */,
			);
			path = Data;
			sourceTree = "<group>";
		};
		05B23D4822F16B1F00E8140F /* Scenes */ = {
			isa = PBXGroup;
			children = (
				058A3DC022F48A5500AB00F2 /* Setting */,
				058A3DBF22F48A4400AB00F2 /* StatisticAll */,
				058A3DBE22F48A1200AB00F2 /* Diary */,
				05B23D5122F16F1E00E8140F /* TabBar */,
				05B23D4922F16B7100E8140F /* Storyboard */,
				05B23D4D22F16DC800E8140F /* Common */,
			);
			path = Scenes;
			sourceTree = "<group>";
		};
		05B23D4922F16B7100E8140F /* Storyboard */ = {
			isa = PBXGroup;
			children = (
				05B23D4A22F16B9A00E8140F /* Storyboards.swift */,
				05B23D3B22F1678100E8140F /* LaunchScreen.storyboard */,
				058A3D9922F276DA00AB00F2 /* TabBar.storyboard */,
				058A3D9F22F2787E00AB00F2 /* Diary.storyboard */,
				058A3DA122F278C500AB00F2 /* StatisticAll.storyboard */,
				058A3DAB22F27EF200AB00F2 /* Setting.storyboard */,
			);
			path = Storyboard;
			sourceTree = "<group>";
		};
		05B23D4D22F16DC800E8140F /* Common */ = {
			isa = PBXGroup;
			children = (
			);
			path = Common;
			sourceTree = "<group>";
		};
		05B23D4E22F16EBD00E8140F /* Model */ = {
			isa = PBXGroup;
			children = (
				0537C5332306568E00454618 /* TargetModel.swift */,
				0537C5312306568600454618 /* RepeatModel.swift */,
				0537C52F2306568000454618 /* RemindModel.swift */,
				058A3DC522F48B2A00AB00F2 /* RoutineModel.swift */,
				058A3DC922F4942100AB00F2 /* RoutineModelRealm.swift */,
			);
			path = Model;
			sourceTree = "<group>";
		};
		05B23D4F22F16ED600E8140F /* Source */ = {
			isa = PBXGroup;
			children = (
				05B23D5022F16EE200E8140F /* Local */,
			);
			path = Source;
			sourceTree = "<group>";
		};
		05B23D5022F16EE200E8140F /* Local */ = {
			isa = PBXGroup;
			children = (
				058A3DC322F48AE000AB00F2 /* RealmService.swift */,
				058A3DCB22F496D400AB00F2 /* RoutineService.swift */,
			);
			name = Local;
			sourceTree = "<group>";
		};
		05B23D5122F16F1E00E8140F /* TabBar */ = {
			isa = PBXGroup;
			children = (
				058A3D9D22F2773B00AB00F2 /* TabBarController.swift */,
			);
			path = TabBar;
			sourceTree = "<group>";
		};
		05B23D5222F16F7C00E8140F /* Resource */ = {
			isa = PBXGroup;
			children = (
				05B23D3922F1678100E8140F /* Assets.xcassets */,
			);
			path = Resource;
			sourceTree = "<group>";
		};
		46F722ABA6C7CCDA2E8F7DA0 /* Pods */ = {
			isa = PBXGroup;
			children = (
				7D8B598E586CF566BAA5F1E3 /* Pods-MyRoutine.debug.xcconfig */,
				BA59DF1CAEF1699CF2953C6A /* Pods-MyRoutine.release.xcconfig */,
			);
			name = Pods;
			sourceTree = "<group>";
		};
		F3216918D3655C3931286EFC /* Frameworks */ = {
			isa = PBXGroup;
			children = (
				358C4E0060BD992129D1A5B5 /* Pods_MyRoutine.framework */,
			);
			name = Frameworks;
			sourceTree = "<group>";
		};
/* End PBXGroup section */

/* Begin PBXNativeTarget section */
		05B23D2E22F1678000E8140F /* MyRoutine */ = {
			isa = PBXNativeTarget;
			buildConfigurationList = 05B23D4122F1678100E8140F /* Build configuration list for PBXNativeTarget "MyRoutine" */;
			buildPhases = (
				BC3F8213B593CE28C90BC41F /* [CP] Check Pods Manifest.lock */,
				05B23D2B22F1678000E8140F /* Sources */,
				05B23D2C22F1678000E8140F /* Frameworks */,
				05B23D2D22F1678000E8140F /* Resources */,
				05B23D4422F167A900E8140F /* ShellScript */,
				E55E2DE4645DC334E30CE118 /* [CP] Embed Pods Frameworks */,
			);
			buildRules = (
			);
			dependencies = (
			);
			name = MyRoutine;
			productName = MyRoutine;
			productReference = 05B23D2F22F1678000E8140F /* MyRoutine.app */;
			productType = "com.apple.product-type.application";
		};
/* End PBXNativeTarget section */

/* Begin PBXProject section */
		05B23D2722F1678000E8140F /* Project object */ = {
			isa = PBXProject;
			attributes = {
				LastSwiftUpdateCheck = 1020;
				LastUpgradeCheck = 1020;
				ORGANIZATIONNAME = huy;
				TargetAttributes = {
					05B23D2E22F1678000E8140F = {
						CreatedOnToolsVersion = 10.2.1;
					};
				};
			};
			buildConfigurationList = 05B23D2A22F1678000E8140F /* Build configuration list for PBXProject "MyRoutine" */;
			compatibilityVersion = "Xcode 9.3";
			developmentRegion = en;
			hasScannedForEncodings = 0;
			knownRegions = (
				en,
				Base,
			);
			mainGroup = 05B23D2622F1678000E8140F;
			productRefGroup = 05B23D3022F1678000E8140F /* Products */;
			projectDirPath = "";
			projectRoot = "";
			targets = (
				05B23D2E22F1678000E8140F /* MyRoutine */,
			);
		};
/* End PBXProject section */

/* Begin PBXResourcesBuildPhase section */
		05B23D2D22F1678000E8140F /* Resources */ = {
			isa = PBXResourcesBuildPhase;
			buildActionMask = 2147483647;
			files = (
				058A3D9A22F276DA00AB00F2 /* TabBar.storyboard in Resources */,
				05B23D3D22F1678100E8140F /* LaunchScreen.storyboard in Resources */,
				0537C56D2307F65B00454618 /* DatePicker.xib in Resources */,
				0537C56C2307F65B00454618 /* TextPicker.xib in Resources */,
				05B23D3A22F1678100E8140F /* Assets.xcassets in Resources */,
				058A3DA222F278C500AB00F2 /* StatisticAll.storyboard in Resources */,
				058A3DA022F2787E00AB00F2 /* Diary.storyboard in Resources */,
				058A3DAC22F27EF200AB00F2 /* Setting.storyboard in Resources */,
				0537C5432306815600454618 /* CellSuggest.xib in Resources */,
				0537C55C2307B96B00454618 /* CellOption.xib in Resources */,
				0537C5452306815600454618 /* CellSetUp.xib in Resources */,
			);
			runOnlyForDeploymentPostprocessing = 0;
		};
/* End PBXResourcesBuildPhase section */

/* Begin PBXShellScriptBuildPhase section */
		05B23D4422F167A900E8140F /* ShellScript */ = {
			isa = PBXShellScriptBuildPhase;
			buildActionMask = 2147483647;
			files = (
			);
			inputFileListPaths = (
			);
			inputPaths = (
			);
			outputFileListPaths = (
			);
			outputPaths = (
			);
			runOnlyForDeploymentPostprocessing = 0;
			shellPath = /bin/sh;
			shellScript = "if which swiftlint >/dev/null; then\nswiftlint\nelse\necho \"warning: SwiftLint not installed, download from https://github.com/realm/SwiftLint\"\nfi\n";
		};
		BC3F8213B593CE28C90BC41F /* [CP] Check Pods Manifest.lock */ = {
			isa = PBXShellScriptBuildPhase;
			buildActionMask = 2147483647;
			files = (
			);
			inputFileListPaths = (
			);
			inputPaths = (
				"${PODS_PODFILE_DIR_PATH}/Podfile.lock",
				"${PODS_ROOT}/Manifest.lock",
			);
			name = "[CP] Check Pods Manifest.lock";
			outputFileListPaths = (
			);
			outputPaths = (
				"$(DERIVED_FILE_DIR)/Pods-MyRoutine-checkManifestLockResult.txt",
			);
			runOnlyForDeploymentPostprocessing = 0;
			shellPath = /bin/sh;
			shellScript = "diff \"${PODS_PODFILE_DIR_PATH}/Podfile.lock\" \"${PODS_ROOT}/Manifest.lock\" > /dev/null\nif [ $? != 0 ] ; then\n    # print error to STDERR\n    echo \"error: The sandbox is not in sync with the Podfile.lock. Run 'pod install' or update your CocoaPods installation.\" >&2\n    exit 1\nfi\n# This output is used by Xcode 'outputs' to avoid re-running this script phase.\necho \"SUCCESS\" > \"${SCRIPT_OUTPUT_FILE_0}\"\n";
			showEnvVarsInLog = 0;
		};
		E55E2DE4645DC334E30CE118 /* [CP] Embed Pods Frameworks */ = {
			isa = PBXShellScriptBuildPhase;
			buildActionMask = 2147483647;
			files = (
			);
			inputFileListPaths = (
			);
			inputPaths = (
				"${SRCROOT}/Pods/Target Support Files/Pods-MyRoutine/Pods-MyRoutine-frameworks.sh",
				"${BUILT_PRODUCTS_DIR}/Realm/Realm.framework",
				"${BUILT_PRODUCTS_DIR}/RealmSwift/RealmSwift.framework",
			);
			name = "[CP] Embed Pods Frameworks";
			outputFileListPaths = (
			);
			outputPaths = (
				"${TARGET_BUILD_DIR}/${FRAMEWORKS_FOLDER_PATH}/Realm.framework",
				"${TARGET_BUILD_DIR}/${FRAMEWORKS_FOLDER_PATH}/RealmSwift.framework",
			);
			runOnlyForDeploymentPostprocessing = 0;
			shellPath = /bin/sh;
			shellScript = "\"${SRCROOT}/Pods/Target Support Files/Pods-MyRoutine/Pods-MyRoutine-frameworks.sh\"\n";
			showEnvVarsInLog = 0;
		};
/* End PBXShellScriptBuildPhase section */

/* Begin PBXSourcesBuildPhase section */
		05B23D2B22F1678000E8140F /* Sources */ = {
			isa = PBXSourcesBuildPhase;
			buildActionMask = 2147483647;
			files = (
				058A3DA822F2797C00AB00F2 /* StatisticAllController.swift in Sources */,
				0537C536230657BB00454618 /* List+.swift in Sources */,
				0537C55F2307B9F100454618 /* Integer+.swift in Sources */,
				0537C54B230799DB00454618 /* RoundedView.swift in Sources */,
				0537C5462306815600454618 /* CellSuggest.swift in Sources */,
				058A3DC822F48E3100AB00F2 /* String+.swift in Sources */,
				058A3DCA22F4942100AB00F2 /* RoutineModelRealm.swift in Sources */,
				0537C5692307F65B00454618 /* DatePicker.swift in Sources */,
				05B23D4B22F16B9A00E8140F /* Storyboards.swift in Sources */,
				0537C5342306568E00454618 /* TargetModel.swift in Sources */,
				0537C53C23066A6600454618 /* CreateRoutineController.swift in Sources */,
				0537C55D2307B96B00454618 /* CellOption.swift in Sources */,
				058A3DC422F48AE000AB00F2 /* RealmService.swift in Sources */,
				0537C5592307B88A00454618 /* RepeatController.swift in Sources */,
				058A3D9E22F2773B00AB00F2 /* TabBarController.swift in Sources */,
				0537C5442306815600454618 /* CellSetUp.swift in Sources */,
				0537C56B2307F65B00454618 /* PickerViewControl.swift in Sources */,
				0537C54A230799DB00454618 /* ShadowButton.swift in Sources */,
				0537C53E2306811F00454618 /* UIView+.swift in Sources */,
				058A3DC622F48B2A00AB00F2 /* RoutineModel.swift in Sources */,
				058A3DCC22F496D400AB00F2 /* RoutineService.swift in Sources */,
				0537C5322306568600454618 /* RepeatModel.swift in Sources */,
				0537C5302306568000454618 /* RemindModel.swift in Sources */,
				0537C5622307F19600454618 /* DayPeriodController.swift in Sources */,
				0537C5712307F6CB00454618 /* SystemInfo.swift in Sources */,
				058A3DA622F2796200AB00F2 /* DiaryController.swift in Sources */,
				0537C56A2307F65B00454618 /* TextPicker.swift in Sources */,
				0537C5732307F7D300454618 /* Date+.swift in Sources */,
				05B23D3322F1678000E8140F /* AppDelegate.swift in Sources */,
				058A3DAA22F2798C00AB00F2 /* SettingController.swift in Sources */,
			);
			runOnlyForDeploymentPostprocessing = 0;
		};
/* End PBXSourcesBuildPhase section */

/* Begin PBXVariantGroup section */
		05B23D3B22F1678100E8140F /* LaunchScreen.storyboard */ = {
			isa = PBXVariantGroup;
			children = (
				05B23D3C22F1678100E8140F /* Base */,
			);
			name = LaunchScreen.storyboard;
			sourceTree = "<group>";
		};
/* End PBXVariantGroup section */

/* Begin XCBuildConfiguration section */
		05B23D3F22F1678100E8140F /* Debug */ = {
			isa = XCBuildConfiguration;
			buildSettings = {
				ALWAYS_SEARCH_USER_PATHS = NO;
				CLANG_ANALYZER_NONNULL = YES;
				CLANG_ANALYZER_NUMBER_OBJECT_CONVERSION = YES_AGGRESSIVE;
				CLANG_CXX_LANGUAGE_STANDARD = "gnu++14";
				CLANG_CXX_LIBRARY = "libc++";
				CLANG_ENABLE_MODULES = YES;
				CLANG_ENABLE_OBJC_ARC = YES;
				CLANG_ENABLE_OBJC_WEAK = YES;
				CLANG_WARN_BLOCK_CAPTURE_AUTORELEASING = YES;
				CLANG_WARN_BOOL_CONVERSION = YES;
				CLANG_WARN_COMMA = YES;
				CLANG_WARN_CONSTANT_CONVERSION = YES;
				CLANG_WARN_DEPRECATED_OBJC_IMPLEMENTATIONS = YES;
				CLANG_WARN_DIRECT_OBJC_ISA_USAGE = YES_ERROR;
				CLANG_WARN_DOCUMENTATION_COMMENTS = YES;
				CLANG_WARN_EMPTY_BODY = YES;
				CLANG_WARN_ENUM_CONVERSION = YES;
				CLANG_WARN_INFINITE_RECURSION = YES;
				CLANG_WARN_INT_CONVERSION = YES;
				CLANG_WARN_NON_LITERAL_NULL_CONVERSION = YES;
				CLANG_WARN_OBJC_IMPLICIT_RETAIN_SELF = YES;
				CLANG_WARN_OBJC_LITERAL_CONVERSION = YES;
				CLANG_WARN_OBJC_ROOT_CLASS = YES_ERROR;
				CLANG_WARN_RANGE_LOOP_ANALYSIS = YES;
				CLANG_WARN_STRICT_PROTOTYPES = YES;
				CLANG_WARN_SUSPICIOUS_MOVE = YES;
				CLANG_WARN_UNGUARDED_AVAILABILITY = YES_AGGRESSIVE;
				CLANG_WARN_UNREACHABLE_CODE = YES;
				CLANG_WARN__DUPLICATE_METHOD_MATCH = YES;
				CODE_SIGN_IDENTITY = "iPhone Developer";
				COPY_PHASE_STRIP = NO;
				DEBUG_INFORMATION_FORMAT = dwarf;
				ENABLE_STRICT_OBJC_MSGSEND = YES;
				ENABLE_TESTABILITY = YES;
				GCC_C_LANGUAGE_STANDARD = gnu11;
				GCC_DYNAMIC_NO_PIC = NO;
				GCC_NO_COMMON_BLOCKS = YES;
				GCC_OPTIMIZATION_LEVEL = 0;
				GCC_PREPROCESSOR_DEFINITIONS = (
					"DEBUG=1",
					"$(inherited)",
				);
				GCC_WARN_64_TO_32_BIT_CONVERSION = YES;
				GCC_WARN_ABOUT_RETURN_TYPE = YES_ERROR;
				GCC_WARN_UNDECLARED_SELECTOR = YES;
				GCC_WARN_UNINITIALIZED_AUTOS = YES_AGGRESSIVE;
				GCC_WARN_UNUSED_FUNCTION = YES;
				GCC_WARN_UNUSED_VARIABLE = YES;
				IPHONEOS_DEPLOYMENT_TARGET = 12.2;
				MTL_ENABLE_DEBUG_INFO = INCLUDE_SOURCE;
				MTL_FAST_MATH = YES;
				ONLY_ACTIVE_ARCH = YES;
				SDKROOT = iphoneos;
				SWIFT_ACTIVE_COMPILATION_CONDITIONS = DEBUG;
				SWIFT_OPTIMIZATION_LEVEL = "-Onone";
			};
			name = Debug;
		};
		05B23D4022F1678100E8140F /* Release */ = {
			isa = XCBuildConfiguration;
			buildSettings = {
				ALWAYS_SEARCH_USER_PATHS = NO;
				CLANG_ANALYZER_NONNULL = YES;
				CLANG_ANALYZER_NUMBER_OBJECT_CONVERSION = YES_AGGRESSIVE;
				CLANG_CXX_LANGUAGE_STANDARD = "gnu++14";
				CLANG_CXX_LIBRARY = "libc++";
				CLANG_ENABLE_MODULES = YES;
				CLANG_ENABLE_OBJC_ARC = YES;
				CLANG_ENABLE_OBJC_WEAK = YES;
				CLANG_WARN_BLOCK_CAPTURE_AUTORELEASING = YES;
				CLANG_WARN_BOOL_CONVERSION = YES;
				CLANG_WARN_COMMA = YES;
				CLANG_WARN_CONSTANT_CONVERSION = YES;
				CLANG_WARN_DEPRECATED_OBJC_IMPLEMENTATIONS = YES;
				CLANG_WARN_DIRECT_OBJC_ISA_USAGE = YES_ERROR;
				CLANG_WARN_DOCUMENTATION_COMMENTS = YES;
				CLANG_WARN_EMPTY_BODY = YES;
				CLANG_WARN_ENUM_CONVERSION = YES;
				CLANG_WARN_INFINITE_RECURSION = YES;
				CLANG_WARN_INT_CONVERSION = YES;
				CLANG_WARN_NON_LITERAL_NULL_CONVERSION = YES;
				CLANG_WARN_OBJC_IMPLICIT_RETAIN_SELF = YES;
				CLANG_WARN_OBJC_LITERAL_CONVERSION = YES;
				CLANG_WARN_OBJC_ROOT_CLASS = YES_ERROR;
				CLANG_WARN_RANGE_LOOP_ANALYSIS = YES;
				CLANG_WARN_STRICT_PROTOTYPES = YES;
				CLANG_WARN_SUSPICIOUS_MOVE = YES;
				CLANG_WARN_UNGUARDED_AVAILABILITY = YES_AGGRESSIVE;
				CLANG_WARN_UNREACHABLE_CODE = YES;
				CLANG_WARN__DUPLICATE_METHOD_MATCH = YES;
				CODE_SIGN_IDENTITY = "iPhone Developer";
				COPY_PHASE_STRIP = NO;
				DEBUG_INFORMATION_FORMAT = "dwarf-with-dsym";
				ENABLE_NS_ASSERTIONS = NO;
				ENABLE_STRICT_OBJC_MSGSEND = YES;
				GCC_C_LANGUAGE_STANDARD = gnu11;
				GCC_NO_COMMON_BLOCKS = YES;
				GCC_WARN_64_TO_32_BIT_CONVERSION = YES;
				GCC_WARN_ABOUT_RETURN_TYPE = YES_ERROR;
				GCC_WARN_UNDECLARED_SELECTOR = YES;
				GCC_WARN_UNINITIALIZED_AUTOS = YES_AGGRESSIVE;
				GCC_WARN_UNUSED_FUNCTION = YES;
				GCC_WARN_UNUSED_VARIABLE = YES;
				IPHONEOS_DEPLOYMENT_TARGET = 12.2;
				MTL_ENABLE_DEBUG_INFO = NO;
				MTL_FAST_MATH = YES;
				SDKROOT = iphoneos;
				SWIFT_COMPILATION_MODE = wholemodule;
				SWIFT_OPTIMIZATION_LEVEL = "-O";
				VALIDATE_PRODUCT = YES;
			};
			name = Release;
		};
		05B23D4222F1678100E8140F /* Debug */ = {
			isa = XCBuildConfiguration;
			baseConfigurationReference = 7D8B598E586CF566BAA5F1E3 /* Pods-MyRoutine.debug.xcconfig */;
			buildSettings = {
				ASSETCATALOG_COMPILER_APPICON_NAME = AppIcon;
				CODE_SIGN_STYLE = Automatic;
				DEVELOPMENT_TEAM = T6QW536M34;
				INFOPLIST_FILE = MyRoutine/Info.plist;
				LD_RUNPATH_SEARCH_PATHS = (
					"$(inherited)",
					"@executable_path/Frameworks",
				);
				PRODUCT_BUNDLE_IDENTIFIER = hello.MyRoutine;
				PRODUCT_NAME = "$(TARGET_NAME)";
				SWIFT_OBJC_BRIDGING_HEADER = "MyRoutine/Bridging-Header.h";
				SWIFT_VERSION = 5.0;
				TARGETED_DEVICE_FAMILY = "1,2";
			};
			name = Debug;
		};
		05B23D4322F1678100E8140F /* Release */ = {
			isa = XCBuildConfiguration;
			baseConfigurationReference = BA59DF1CAEF1699CF2953C6A /* Pods-MyRoutine.release.xcconfig */;
			buildSettings = {
				ASSETCATALOG_COMPILER_APPICON_NAME = AppIcon;
				CODE_SIGN_STYLE = Automatic;
				DEVELOPMENT_TEAM = T6QW536M34;
				INFOPLIST_FILE = MyRoutine/Info.plist;
				LD_RUNPATH_SEARCH_PATHS = (
					"$(inherited)",
					"@executable_path/Frameworks",
				);
				PRODUCT_BUNDLE_IDENTIFIER = hello.MyRoutine;
				PRODUCT_NAME = "$(TARGET_NAME)";
				SWIFT_OBJC_BRIDGING_HEADER = "MyRoutine/Bridging-Header.h";
				SWIFT_VERSION = 5.0;
				TARGETED_DEVICE_FAMILY = "1,2";
			};
			name = Release;
		};
/* End XCBuildConfiguration section */

/* Begin XCConfigurationList section */
		05B23D2A22F1678000E8140F /* Build configuration list for PBXProject "MyRoutine" */ = {
			isa = XCConfigurationList;
			buildConfigurations = (
				05B23D3F22F1678100E8140F /* Debug */,
				05B23D4022F1678100E8140F /* Release */,
			);
			defaultConfigurationIsVisible = 0;
			defaultConfigurationName = Release;
		};
		05B23D4122F1678100E8140F /* Build configuration list for PBXNativeTarget "MyRoutine" */ = {
			isa = XCConfigurationList;
			buildConfigurations = (
				05B23D4222F1678100E8140F /* Debug */,
				05B23D4322F1678100E8140F /* Release */,
			);
			defaultConfigurationIsVisible = 0;
			defaultConfigurationName = Release;
		};
/* End XCConfigurationList section */
	};
	rootObject = 05B23D2722F1678000E8140F /* Project object */;
}
